
Microsoft Visual Studio Solution File, Format Version 12.00
# Visual Studio Version 17
VisualStudioVersion = 17.6.33829.357
MinimumVisualStudioVersion = 10.0.40219.1
Project("{FAE04EC0-301F-11D3-BF4B-00C04F79EFBC}") = "TLNp", "TLNp\TLNp.csproj", "{BD0504E2-4539-4BB3-B212-8B10C67F27CE}"
EndProject
Global
	GlobalSection(SolutionConfigurationPlatforms) = preSolution
		Debug|Any CPU = Debug|Any CPU
		Release|Any CPU = Release|Any CPU
	EndGlobalSection
	GlobalSection(ProjectConfigurationPlatforms) = postSolution
		{BD0504E2-4539-4BB3-B212-8B10C67F27CE}.Debug|Any CPU.ActiveCfg = Debug|Any CPU
		{BD0504E2-4539-4BB3-B212-8B10C67F27CE}.Debug|Any CPU.Build.0 = Debug|Any CPU
		{BD0504E2-4539-4BB3-B212-8B10C67F27CE}.Release|Any CPU.ActiveCfg = Release|Any CPU
		{BD0504E2-4539-4BB3-B212-8B10C67F27CE}.Release|Any CPU.Build.0 = Release|Any CPU
	EndGlobalSection
	GlobalSection(SolutionProperties) = preSolution
		HideSolutionNode = FALSE
	EndGlobalSection
	GlobalSection(ExtensibilityGlobals) = postSolution
		SolutionGuid = {CFD0A0FE-048B-4253-9D66-15669302D946}
	EndGlobalSection
EndGlobal
